// !$*UTF8*$!
{
	archiveVersion = 1;
	classes = {
	};
	objectVersion = 56;
	objects = {

/* Begin PBXBuildFile section */
		510DC0CE2C3F6130003A144D /* DetailCardView.swift in Sources */ = {isa = PBXBuildFile; fileRef = 510DC0AD2C3F612F003A144D /* DetailCardView.swift */; };
		510DC0CF2C3F6130003A144D /* ThreeCards.swift in Sources */ = {isa = PBXBuildFile; fileRef = 510DC0AE2C3F612F003A144D /* ThreeCards.swift */; };
		510DC0D02C3F6130003A144D /* Storage Models.swift in Sources */ = {isa = PBXBuildFile; fileRef = 510DC0B02C3F612F003A144D /* Storage Models.swift */; };
		510DC0D22C3F6130003A144D /* ReadingDetailView.swift in Sources */ = {isa = PBXBuildFile; fileRef = 510DC0B22C3F612F003A144D /* ReadingDetailView.swift */; };
		510DC0D32C3F6130003A144D /* Decks.swift in Sources */ = {isa = PBXBuildFile; fileRef = 510DC0B32C3F612F003A144D /* Decks.swift */; };
		510DC0D42C3F6130003A144D /* Readings.swift in Sources */ = {isa = PBXBuildFile; fileRef = 510DC0B42C3F612F003A144D /* Readings.swift */; };
		510DC0D52C3F6130003A144D /* Celtic.swift in Sources */ = {isa = PBXBuildFile; fileRef = 510DC0B52C3F612F003A144D /* Celtic.swift */; };
		510DC0D62C3F6130003A144D /* DataManager.swift in Sources */ = {isa = PBXBuildFile; fileRef = 510DC0B62C3F612F003A144D /* DataManager.swift */; };
		510DC0DC2C3F6130003A144D /* YesNo.swift in Sources */ = {isa = PBXBuildFile; fileRef = 510DC0BD2C3F612F003A144D /* YesNo.swift */; };
		510DC0DF2C3F6130003A144D /* MainView.swift in Sources */ = {isa = PBXBuildFile; fileRef = 510DC0C02C3F612F003A144D /* MainView.swift */; };
		510DC0E02C3F6130003A144D /* DetailedDeckView.swift in Sources */ = {isa = PBXBuildFile; fileRef = 510DC0C12C3F612F003A144D /* DetailedDeckView.swift */; };
		510DC0E32C3F6130003A144D /* History.swift in Sources */ = {isa = PBXBuildFile; fileRef = 510DC0C42C3F612F003A144D /* History.swift */; };
		510DC0E62C3F6130003A144D /* Settings.swift in Sources */ = {isa = PBXBuildFile; fileRef = 510DC0C82C3F6130003A144D /* Settings.swift */; };
		510DC0E72C3F6130003A144D /* DeckHolder.swift in Sources */ = {isa = PBXBuildFile; fileRef = 510DC0C92C3F6130003A144D /* DeckHolder.swift */; };
		510DC0F32C3F6307003A144D /* Assets.xcassets in Resources */ = {isa = PBXBuildFile; fileRef = 510DC0F22C3F6307003A144D /* Assets.xcassets */; };
		510DC0F62C3F6405003A144D /* Preview Assets.xcassets in Resources */ = {isa = PBXBuildFile; fileRef = 510DC0F42C3F6405003A144D /* Preview Assets.xcassets */; };
		515D57EE2C3F600200B96638 /* SunAndMoonTarotApp.swift in Sources */ = {isa = PBXBuildFile; fileRef = 515D57ED2C3F600200B96638 /* SunAndMoonTarotApp.swift */; };
		51F9B1CF2C405D2F00EA0DED /* ColorChoice.swift in Sources */ = {isa = PBXBuildFile; fileRef = 51F9B1CE2C405D2F00EA0DED /* ColorChoice.swift */; };
		51F9B1D22C405FF200EA0DED /* SettingsManager.swift in Sources */ = {isa = PBXBuildFile; fileRef = 51F9B1D12C405FF200EA0DED /* SettingsManager.swift */; };
/* End PBXBuildFile section */

/* Begin PBXFileReference section */
		510DC0AD2C3F612F003A144D /* DetailCardView.swift */ = {isa = PBXFileReference; fileEncoding = 4; lastKnownFileType = sourcecode.swift; path = DetailCardView.swift; sourceTree = "<group>"; };
		510DC0AE2C3F612F003A144D /* ThreeCards.swift */ = {isa = PBXFileReference; fileEncoding = 4; lastKnownFileType = sourcecode.swift; path = ThreeCards.swift; sourceTree = "<group>"; };
		510DC0B02C3F612F003A144D /* Storage Models.swift */ = {isa = PBXFileReference; fileEncoding = 4; lastKnownFileType = sourcecode.swift; path = "Storage Models.swift"; sourceTree = "<group>"; };
		510DC0B22C3F612F003A144D /* ReadingDetailView.swift */ = {isa = PBXFileReference; fileEncoding = 4; lastKnownFileType = sourcecode.swift; path = ReadingDetailView.swift; sourceTree = "<group>"; };
		510DC0B32C3F612F003A144D /* Decks.swift */ = {isa = PBXFileReference; fileEncoding = 4; lastKnownFileType = sourcecode.swift; path = Decks.swift; sourceTree = "<group>"; };
		510DC0B42C3F612F003A144D /* Readings.swift */ = {isa = PBXFileReference; fileEncoding = 4; lastKnownFileType = sourcecode.swift; path = Readings.swift; sourceTree = "<group>"; };
		510DC0B52C3F612F003A144D /* Celtic.swift */ = {isa = PBXFileReference; fileEncoding = 4; lastKnownFileType = sourcecode.swift; path = Celtic.swift; sourceTree = "<group>"; };
		510DC0B62C3F612F003A144D /* DataManager.swift */ = {isa = PBXFileReference; fileEncoding = 4; lastKnownFileType = sourcecode.swift; path = DataManager.swift; sourceTree = "<group>"; };
		510DC0BD2C3F612F003A144D /* YesNo.swift */ = {isa = PBXFileReference; fileEncoding = 4; lastKnownFileType = sourcecode.swift; path = YesNo.swift; sourceTree = "<group>"; };
		510DC0C02C3F612F003A144D /* MainView.swift */ = {isa = PBXFileReference; fileEncoding = 4; lastKnownFileType = sourcecode.swift; path = MainView.swift; sourceTree = "<group>"; };
		510DC0C12C3F612F003A144D /* DetailedDeckView.swift */ = {isa = PBXFileReference; fileEncoding = 4; lastKnownFileType = sourcecode.swift; path = DetailedDeckView.swift; sourceTree = "<group>"; };
		510DC0C42C3F612F003A144D /* History.swift */ = {isa = PBXFileReference; fileEncoding = 4; lastKnownFileType = sourcecode.swift; path = History.swift; sourceTree = "<group>"; };
		510DC0C82C3F6130003A144D /* Settings.swift */ = {isa = PBXFileReference; fileEncoding = 4; lastKnownFileType = sourcecode.swift; path = Settings.swift; sourceTree = "<group>"; };
		510DC0C92C3F6130003A144D /* DeckHolder.swift */ = {isa = PBXFileReference; fileEncoding = 4; lastKnownFileType = sourcecode.swift; path = DeckHolder.swift; sourceTree = "<group>"; };
		510DC0F22C3F6307003A144D /* Assets.xcassets */ = {isa = PBXFileReference; lastKnownFileType = folder.assetcatalog; name = Assets.xcassets; path = ActualDecks/Assets.xcassets; sourceTree = "<group>"; };
		510DC0F42C3F6405003A144D /* Preview Assets.xcassets */ = {isa = PBXFileReference; lastKnownFileType = folder.assetcatalog; path = "Preview Assets.xcassets"; sourceTree = "<group>"; };
		51201F752C3F66A200D5E5E1 /* SunAndMoonTarot.entitlements */ = {isa = PBXFileReference; lastKnownFileType = text.plist.entitlements; path = SunAndMoonTarot.entitlements; sourceTree = "<group>"; };
		515D57EA2C3F600200B96638 /* SunAndMoonTarot.app */ = {isa = PBXFileReference; explicitFileType = wrapper.application; includeInIndex = 0; path = SunAndMoonTarot.app; sourceTree = BUILT_PRODUCTS_DIR; };
		515D57ED2C3F600200B96638 /* SunAndMoonTarotApp.swift */ = {isa = PBXFileReference; lastKnownFileType = sourcecode.swift; path = SunAndMoonTarotApp.swift; sourceTree = "<group>"; };
		51F9B1CE2C405D2F00EA0DED /* ColorChoice.swift */ = {isa = PBXFileReference; lastKnownFileType = sourcecode.swift; path = ColorChoice.swift; sourceTree = "<group>"; };
		51F9B1D12C405FF200EA0DED /* SettingsManager.swift */ = {isa = PBXFileReference; lastKnownFileType = sourcecode.swift; path = SettingsManager.swift; sourceTree = "<group>"; };
/* End PBXFileReference section */

/* Begin PBXFrameworksBuildPhase section */
		515D57E72C3F600200B96638 /* Frameworks */ = {
			isa = PBXFrameworksBuildPhase;
			buildActionMask = 2147483647;
			files = (
			);
			runOnlyForDeploymentPostprocessing = 0;
		};
/* End PBXFrameworksBuildPhase section */

/* Begin PBXGroup section */
		510DC0EC2C3F61D6003A144D /* Readings */ = {
			isa = PBXGroup;
			children = (
				510DC0BD2C3F612F003A144D /* YesNo.swift */,
				510DC0AE2C3F612F003A144D /* ThreeCards.swift */,
				510DC0B52C3F612F003A144D /* Celtic.swift */,
			);
			name = Readings;
			sourceTree = "<group>";
		};
		510DC0ED2C3F6267003A144D /* History Data View */ = {
			isa = PBXGroup;
			children = (
				510DC0B22C3F612F003A144D /* ReadingDetailView.swift */,
			);
			name = "History Data View";
			sourceTree = "<group>";
		};
		510DC0EE2C3F6290003A144D /* Storage Files */ = {
			isa = PBXGroup;
			children = (
				510DC0B02C3F612F003A144D /* Storage Models.swift */,
				510DC0B62C3F612F003A144D /* DataManager.swift */,
			);
			path = "Storage Files";
			sourceTree = "<group>";
		};
		510DC0F12C3F62D7003A144D /* ActualDecks */ = {
			isa = PBXGroup;
			children = (
				510DC0C92C3F6130003A144D /* DeckHolder.swift */,
				510DC0AD2C3F612F003A144D /* DetailCardView.swift */,
				510DC0C12C3F612F003A144D /* DetailedDeckView.swift */,
			);
			path = ActualDecks;
			sourceTree = "<group>";
		};
		510DC0F52C3F6405003A144D /* Preview Content */ = {
			isa = PBXGroup;
			children = (
				510DC0F42C3F6405003A144D /* Preview Assets.xcassets */,
			);
			path = "Preview Content";
			sourceTree = "<group>";
		};
		515D57E12C3F600200B96638 = {
			isa = PBXGroup;
			children = (
				515D57EC2C3F600200B96638 /* SunAndMoonTarot */,
				515D57EB2C3F600200B96638 /* Products */,
			);
			sourceTree = "<group>";
		};
		515D57EB2C3F600200B96638 /* Products */ = {
			isa = PBXGroup;
			children = (
				515D57EA2C3F600200B96638 /* SunAndMoonTarot.app */,
			);
			name = Products;
			sourceTree = "<group>";
		};
		515D57EC2C3F600200B96638 /* SunAndMoonTarot */ = {
			isa = PBXGroup;
			children = (
				51201F752C3F66A200D5E5E1 /* SunAndMoonTarot.entitlements */,
				515D57ED2C3F600200B96638 /* SunAndMoonTarotApp.swift */,
				510DC0C02C3F612F003A144D /* MainView.swift */,
				510DC0B42C3F612F003A144D /* Readings.swift */,
				510DC0EC2C3F61D6003A144D /* Readings */,
				510DC0C42C3F612F003A144D /* History.swift */,
				510DC0ED2C3F6267003A144D /* History Data View */,
				510DC0EE2C3F6290003A144D /* Storage Files */,
				510DC0B32C3F612F003A144D /* Decks.swift */,
				510DC0F12C3F62D7003A144D /* ActualDecks */,
				510DC0C82C3F6130003A144D /* Settings.swift */,
				51F9B1D02C405D3700EA0DED /* Custom Colors */,
				510DC0F22C3F6307003A144D /* Assets.xcassets */,
				510DC0F52C3F6405003A144D /* Preview Content */,
			);
			path = SunAndMoonTarot;
			sourceTree = "<group>";
		};
		51F9B1D02C405D3700EA0DED /* Custom Colors */ = {
			isa = PBXGroup;
			children = (
				51F9B1CE2C405D2F00EA0DED /* ColorChoice.swift */,
				51F9B1D12C405FF200EA0DED /* SettingsManager.swift */,
			);
			name = "Custom Colors";
			sourceTree = "<group>";
		};
/* End PBXGroup section */

/* Begin PBXNativeTarget section */
		515D57E92C3F600200B96638 /* SunAndMoonTarot */ = {
			isa = PBXNativeTarget;
			buildConfigurationList = 515D57FA2C3F600400B96638 /* Build configuration list for PBXNativeTarget "SunAndMoonTarot" */;
			buildPhases = (
				515D57E62C3F600200B96638 /* Sources */,
				515D57E72C3F600200B96638 /* Frameworks */,
				515D57E82C3F600200B96638 /* Resources */,
			);
			buildRules = (
			);
			dependencies = (
			);
			name = SunAndMoonTarot;
			productName = SunAndMoonTarot;
			productReference = 515D57EA2C3F600200B96638 /* SunAndMoonTarot.app */;
			productType = "com.apple.product-type.application";
		};
/* End PBXNativeTarget section */

/* Begin PBXProject section */
		515D57E22C3F600200B96638 /* Project object */ = {
			isa = PBXProject;
			attributes = {
				BuildIndependentTargetsInParallel = 1;
				LastSwiftUpdateCheck = 1540;
				LastUpgradeCheck = 1540;
				TargetAttributes = {
					515D57E92C3F600200B96638 = {
						CreatedOnToolsVersion = 15.4;
					};
				};
			};
			buildConfigurationList = 515D57E52C3F600200B96638 /* Build configuration list for PBXProject "SunAndMoonTarot" */;
			compatibilityVersion = "Xcode 14.0";
			developmentRegion = en;
			hasScannedForEncodings = 0;
			knownRegions = (
				en,
				Base,
			);
			mainGroup = 515D57E12C3F600200B96638;
			productRefGroup = 515D57EB2C3F600200B96638 /* Products */;
			projectDirPath = "";
			projectRoot = "";
			targets = (
				515D57E92C3F600200B96638 /* SunAndMoonTarot */,
			);
		};
/* End PBXProject section */

/* Begin PBXResourcesBuildPhase section */
		515D57E82C3F600200B96638 /* Resources */ = {
			isa = PBXResourcesBuildPhase;
			buildActionMask = 2147483647;
			files = (
				510DC0F62C3F6405003A144D /* Preview Assets.xcassets in Resources */,
				510DC0F32C3F6307003A144D /* Assets.xcassets in Resources */,
			);
			runOnlyForDeploymentPostprocessing = 0;
		};
/* End PBXResourcesBuildPhase section */

/* Begin PBXSourcesBuildPhase section */
		515D57E62C3F600200B96638 /* Sources */ = {
			isa = PBXSourcesBuildPhase;
			buildActionMask = 2147483647;
			files = (
				510DC0D32C3F6130003A144D /* Decks.swift in Sources */,
				510DC0E62C3F6130003A144D /* Settings.swift in Sources */,
				510DC0D62C3F6130003A144D /* DataManager.swift in Sources */,
				510DC0DF2C3F6130003A144D /* MainView.swift in Sources */,
				510DC0DC2C3F6130003A144D /* YesNo.swift in Sources */,
				510DC0D02C3F6130003A144D /* Storage Models.swift in Sources */,
				51F9B1CF2C405D2F00EA0DED /* ColorChoice.swift in Sources */,
				510DC0E32C3F6130003A144D /* History.swift in Sources */,
				515D57EE2C3F600200B96638 /* SunAndMoonTarotApp.swift in Sources */,
				51F9B1D22C405FF200EA0DED /* SettingsManager.swift in Sources */,
				510DC0D52C3F6130003A144D /* Celtic.swift in Sources */,
				510DC0CF2C3F6130003A144D /* ThreeCards.swift in Sources */,
				510DC0D22C3F6130003A144D /* ReadingDetailView.swift in Sources */,
				510DC0D42C3F6130003A144D /* Readings.swift in Sources */,
				510DC0CE2C3F6130003A144D /* DetailCardView.swift in Sources */,
				510DC0E02C3F6130003A144D /* DetailedDeckView.swift in Sources */,
				510DC0E72C3F6130003A144D /* DeckHolder.swift in Sources */,
			);
			runOnlyForDeploymentPostprocessing = 0;
		};
/* End PBXSourcesBuildPhase section */

/* Begin XCBuildConfiguration section */
		515D57F82C3F600400B96638 /* Debug */ = {
			isa = XCBuildConfiguration;
			buildSettings = {
				ALWAYS_SEARCH_USER_PATHS = NO;
				ASSETCATALOG_COMPILER_GENERATE_SWIFT_ASSET_SYMBOL_EXTENSIONS = YES;
				CLANG_ANALYZER_NONNULL = YES;
				CLANG_ANALYZER_NUMBER_OBJECT_CONVERSION = YES_AGGRESSIVE;
				CLANG_CXX_LANGUAGE_STANDARD = "gnu++20";
				CLANG_ENABLE_MODULES = YES;
				CLANG_ENABLE_OBJC_ARC = YES;
				CLANG_ENABLE_OBJC_WEAK = YES;
				CLANG_WARN_BLOCK_CAPTURE_AUTORELEASING = YES;
				CLANG_WARN_BOOL_CONVERSION = YES;
				CLANG_WARN_COMMA = YES;
				CLANG_WARN_CONSTANT_CONVERSION = YES;
				CLANG_WARN_DEPRECATED_OBJC_IMPLEMENTATIONS = YES;
				CLANG_WARN_DIRECT_OBJC_ISA_USAGE = YES_ERROR;
				CLANG_WARN_DOCUMENTATION_COMMENTS = YES;
				CLANG_WARN_EMPTY_BODY = YES;
				CLANG_WARN_ENUM_CONVERSION = YES;
				CLANG_WARN_INFINITE_RECURSION = YES;
				CLANG_WARN_INT_CONVERSION = YES;
				CLANG_WARN_NON_LITERAL_NULL_CONVERSION = YES;
				CLANG_WARN_OBJC_IMPLICIT_RETAIN_SELF = YES;
				CLANG_WARN_OBJC_LITERAL_CONVERSION = YES;
				CLANG_WARN_OBJC_ROOT_CLASS = YES_ERROR;
				CLANG_WARN_QUOTED_INCLUDE_IN_FRAMEWORK_HEADER = YES;
				CLANG_WARN_RANGE_LOOP_ANALYSIS = YES;
				CLANG_WARN_STRICT_PROTOTYPES = YES;
				CLANG_WARN_SUSPICIOUS_MOVE = YES;
				CLANG_WARN_UNGUARDED_AVAILABILITY = YES_AGGRESSIVE;
				CLANG_WARN_UNREACHABLE_CODE = YES;
				CLANG_WARN__DUPLICATE_METHOD_MATCH = YES;
				COPY_PHASE_STRIP = NO;
				DEBUG_INFORMATION_FORMAT = dwarf;
				ENABLE_STRICT_OBJC_MSGSEND = YES;
				ENABLE_TESTABILITY = YES;
				ENABLE_USER_SCRIPT_SANDBOXING = YES;
				GCC_C_LANGUAGE_STANDARD = gnu17;
				GCC_DYNAMIC_NO_PIC = NO;
				GCC_NO_COMMON_BLOCKS = YES;
				GCC_OPTIMIZATION_LEVEL = 0;
				GCC_PREPROCESSOR_DEFINITIONS = (
					"DEBUG=1",
					"$(inherited)",
				);
				GCC_WARN_64_TO_32_BIT_CONVERSION = YES;
				GCC_WARN_ABOUT_RETURN_TYPE = YES_ERROR;
				GCC_WARN_UNDECLARED_SELECTOR = YES;
				GCC_WARN_UNINITIALIZED_AUTOS = YES_AGGRESSIVE;
				GCC_WARN_UNUSED_FUNCTION = YES;
				GCC_WARN_UNUSED_VARIABLE = YES;
				IPHONEOS_DEPLOYMENT_TARGET = 17.0;
				LOCALIZATION_PREFERS_STRING_CATALOGS = YES;
				MTL_ENABLE_DEBUG_INFO = INCLUDE_SOURCE;
				MTL_FAST_MATH = YES;
				ONLY_ACTIVE_ARCH = YES;
				SDKROOT = iphoneos;
				SWIFT_ACTIVE_COMPILATION_CONDITIONS = "DEBUG $(inherited)";
				SWIFT_OPTIMIZATION_LEVEL = "-Onone";
			};
			name = Debug;
		};
		515D57F92C3F600400B96638 /* Release */ = {
			isa = XCBuildConfiguration;
			buildSettings = {
				ALWAYS_SEARCH_USER_PATHS = NO;
				ASSETCATALOG_COMPILER_GENERATE_SWIFT_ASSET_SYMBOL_EXTENSIONS = YES;
				CLANG_ANALYZER_NONNULL = YES;
				CLANG_ANALYZER_NUMBER_OBJECT_CONVERSION = YES_AGGRESSIVE;
				CLANG_CXX_LANGUAGE_STANDARD = "gnu++20";
				CLANG_ENABLE_MODULES = YES;
				CLANG_ENABLE_OBJC_ARC = YES;
				CLANG_ENABLE_OBJC_WEAK = YES;
				CLANG_WARN_BLOCK_CAPTURE_AUTORELEASING = YES;
				CLANG_WARN_BOOL_CONVERSION = YES;
				CLANG_WARN_COMMA = YES;
				CLANG_WARN_CONSTANT_CONVERSION = YES;
				CLANG_WARN_DEPRECATED_OBJC_IMPLEMENTATIONS = YES;
				CLANG_WARN_DIRECT_OBJC_ISA_USAGE = YES_ERROR;
				CLANG_WARN_DOCUMENTATION_COMMENTS = YES;
				CLANG_WARN_EMPTY_BODY = YES;
				CLANG_WARN_ENUM_CONVERSION = YES;
				CLANG_WARN_INFINITE_RECURSION = YES;
				CLANG_WARN_INT_CONVERSION = YES;
				CLANG_WARN_NON_LITERAL_NULL_CONVERSION = YES;
				CLANG_WARN_OBJC_IMPLICIT_RETAIN_SELF = YES;
				CLANG_WARN_OBJC_LITERAL_CONVERSION = YES;
				CLANG_WARN_OBJC_ROOT_CLASS = YES_ERROR;
				CLANG_WARN_QUOTED_INCLUDE_IN_FRAMEWORK_HEADER = YES;
				CLANG_WARN_RANGE_LOOP_ANALYSIS = YES;
				CLANG_WARN_STRICT_PROTOTYPES = YES;
				CLANG_WARN_SUSPICIOUS_MOVE = YES;
				CLANG_WARN_UNGUARDED_AVAILABILITY = YES_AGGRESSIVE;
				CLANG_WARN_UNREACHABLE_CODE = YES;
				CLANG_WARN__DUPLICATE_METHOD_MATCH = YES;
				COPY_PHASE_STRIP = NO;
				DEBUG_INFORMATION_FORMAT = "dwarf-with-dsym";
				ENABLE_NS_ASSERTIONS = NO;
				ENABLE_STRICT_OBJC_MSGSEND = YES;
				ENABLE_USER_SCRIPT_SANDBOXING = YES;
				GCC_C_LANGUAGE_STANDARD = gnu17;
				GCC_NO_COMMON_BLOCKS = YES;
				GCC_WARN_64_TO_32_BIT_CONVERSION = YES;
				GCC_WARN_ABOUT_RETURN_TYPE = YES_ERROR;
				GCC_WARN_UNDECLARED_SELECTOR = YES;
				GCC_WARN_UNINITIALIZED_AUTOS = YES_AGGRESSIVE;
				GCC_WARN_UNUSED_FUNCTION = YES;
				GCC_WARN_UNUSED_VARIABLE = YES;
				IPHONEOS_DEPLOYMENT_TARGET = 17.0;
				LOCALIZATION_PREFERS_STRING_CATALOGS = YES;
				MTL_ENABLE_DEBUG_INFO = NO;
				MTL_FAST_MATH = YES;
				SDKROOT = iphoneos;
				SWIFT_COMPILATION_MODE = wholemodule;
				VALIDATE_PRODUCT = YES;
			};
			name = Release;
		};
		515D57FB2C3F600400B96638 /* Debug */ = {
			isa = XCBuildConfiguration;
			buildSettings = {
				ASSETCATALOG_COMPILER_APPICON_NAME = AppIcon;
				ASSETCATALOG_COMPILER_GLOBAL_ACCENT_COLOR_NAME = AccentColor;
				CODE_SIGN_ENTITLEMENTS = SunAndMoonTarot/SunAndMoonTarot.entitlements;
				CODE_SIGN_STYLE = Automatic;
				CURRENT_PROJECT_VERSION = 1;
				DEVELOPMENT_ASSET_PATHS = "\"SunAndMoonTarot/Preview Content\"";
				DEVELOPMENT_TEAM = CQ6RNRFC8T;
				ENABLE_PREVIEWS = YES;
				GENERATE_INFOPLIST_FILE = YES;
				INFOPLIST_KEY_CFBundleDisplayName = Tarot;
				INFOPLIST_KEY_LSApplicationCategoryType = "public.app-category.reference";
				INFOPLIST_KEY_UIApplicationSceneManifest_Generation = YES;
				INFOPLIST_KEY_UIApplicationSupportsIndirectInputEvents = YES;
				INFOPLIST_KEY_UILaunchScreen_Generation = YES;
				INFOPLIST_KEY_UISupportedInterfaceOrientations_iPad = "UIInterfaceOrientationPortrait UIInterfaceOrientationPortraitUpsideDown UIInterfaceOrientationLandscapeLeft UIInterfaceOrientationLandscapeRight";
				INFOPLIST_KEY_UISupportedInterfaceOrientations_iPhone = "UIInterfaceOrientationPortrait UIInterfaceOrientationLandscapeLeft UIInterfaceOrientationLandscapeRight";
				LD_RUNPATH_SEARCH_PATHS = (
					"$(inherited)",
					"@executable_path/Frameworks",
				);
				MARKETING_VERSION = 1.0;
				PRODUCT_BUNDLE_IDENTIFIER = nfm100.SunAndMoonTarot;
				PRODUCT_NAME = "$(TARGET_NAME)";
				SUPPORTED_PLATFORMS = "iphoneos iphonesimulator";
				SUPPORTS_MACCATALYST = NO;
				SUPPORTS_MAC_DESIGNED_FOR_IPHONE_IPAD = NO;
				SUPPORTS_XR_DESIGNED_FOR_IPHONE_IPAD = NO;
				SWIFT_EMIT_LOC_STRINGS = YES;
				SWIFT_VERSION = 5.0;
				TARGETED_DEVICE_FAMILY = 1;
			};
			name = Debug;
		};
		515D57FC2C3F600400B96638 /* Release */ = {
			isa = XCBuildConfiguration;
			buildSettings = {
				ASSETCATALOG_COMPILER_APPICON_NAME = AppIcon;
				ASSETCATALOG_COMPILER_GLOBAL_ACCENT_COLOR_NAME = AccentColor;
				CODE_SIGN_ENTITLEMENTS = SunAndMoonTarot/SunAndMoonTarot.entitlements;
				CODE_SIGN_STYLE = Automatic;
				CURRENT_PROJECT_VERSION = 1;
				DEVELOPMENT_ASSET_PATHS = "\"SunAndMoonTarot/Preview Content\"";
				DEVELOPMENT_TEAM = CQ6RNRFC8T;
				ENABLE_PREVIEWS = YES;
				GENERATE_INFOPLIST_FILE = YES;
				INFOPLIST_KEY_CFBundleDisplayName = Tarot;
				INFOPLIST_KEY_LSApplicationCategoryType = "public.app-category.reference";
				INFOPLIST_KEY_UIApplicationSceneManifest_Generation = YES;
				INFOPLIST_KEY_UIApplicationSupportsIndirectInputEvents = YES;
				INFOPLIST_KEY_UILaunchScreen_Generation = YES;
				INFOPLIST_KEY_UISupportedInterfaceOrientations_iPad = "UIInterfaceOrientationPortrait UIInterfaceOrientationPortraitUpsideDown UIInterfaceOrientationLandscapeLeft UIInterfaceOrientationLandscapeRight";
				INFOPLIST_KEY_UISupportedInterfaceOrientations_iPhone = "UIInterfaceOrientationPortrait UIInterfaceOrientationLandscapeLeft UIInterfaceOrientationLandscapeRight";
				LD_RUNPATH_SEARCH_PATHS = (
					"$(inherited)",
					"@executable_path/Frameworks",
				);
				MARKETING_VERSION = 1.0;
				PRODUCT_BUNDLE_IDENTIFIER = nfm100.SunAndMoonTarot;
				PRODUCT_NAME = "$(TARGET_NAME)";
				SUPPORTED_PLATFORMS = "iphoneos iphonesimulator";
				SUPPORTS_MACCATALYST = NO;
				SUPPORTS_MAC_DESIGNED_FOR_IPHONE_IPAD = NO;
				SUPPORTS_XR_DESIGNED_FOR_IPHONE_IPAD = NO;
				SWIFT_EMIT_LOC_STRINGS = YES;
				SWIFT_VERSION = 5.0;
				TARGETED_DEVICE_FAMILY = 1;
			};
			name = Release;
		};
/* End XCBuildConfiguration section */

/* Begin XCConfigurationList section */
		515D57E52C3F600200B96638 /* Build configuration list for PBXProject "SunAndMoonTarot" */ = {
			isa = XCConfigurationList;
			buildConfigurations = (
				515D57F82C3F600400B96638 /* Debug */,
				515D57F92C3F600400B96638 /* Release */,
			);
			defaultConfigurationIsVisible = 0;
			defaultConfigurationName = Release;
		};
		515D57FA2C3F600400B96638 /* Build configuration list for PBXNativeTarget "SunAndMoonTarot" */ = {
			isa = XCConfigurationList;
			buildConfigurations = (
				515D57FB2C3F600400B96638 /* Debug */,
				515D57FC2C3F600400B96638 /* Release */,
			);
			defaultConfigurationIsVisible = 0;
			defaultConfigurationName = Release;
		};
/* End XCConfigurationList section */
	};
	rootObject = 515D57E22C3F600200B96638 /* Project object */;
}
